// !$*UTF8*$!
{
	archiveVersion = 1;
	classes = {
	};
	objectVersion = 51;
	objects = {

/* Begin PBXBuildFile section */
		3A61730626FD09F000B57DB6 /* AuthButton.swift in Sources */ = {isa = PBXBuildFile; fileRef = 3A61730526FD09F000B57DB6 /* AuthButton.swift */; };
		3A6680442704E6ED005B75AB /* LocationCell.swift in Sources */ = {isa = PBXBuildFile; fileRef = 3A6680432704E6ED005B75AB /* LocationCell.swift */; };
		3A6680462704F364005B75AB /* Service.swift in Sources */ = {isa = PBXBuildFile; fileRef = 3A6680452704F364005B75AB /* Service.swift */; };
		3A69DBE92700EE970072EE75 /* HomeController.swift in Sources */ = {isa = PBXBuildFile; fileRef = 3A69DBE82700EE970072EE75 /* HomeController.swift */; };
		3AABCF4026F90A710084295B /* AppDelegate.swift in Sources */ = {isa = PBXBuildFile; fileRef = 3AABCF3F26F90A710084295B /* AppDelegate.swift */; };
		3AABCF4226F90A710084295B /* SceneDelegate.swift in Sources */ = {isa = PBXBuildFile; fileRef = 3AABCF4126F90A710084295B /* SceneDelegate.swift */; };
		3AABCF4726F90A710084295B /* Main.storyboard in Resources */ = {isa = PBXBuildFile; fileRef = 3AABCF4526F90A710084295B /* Main.storyboard */; };
		3AABCF4926F90A740084295B /* Assets.xcassets in Resources */ = {isa = PBXBuildFile; fileRef = 3AABCF4826F90A740084295B /* Assets.xcassets */; };
		3AABCF4C26F90A740084295B /* LaunchScreen.storyboard in Resources */ = {isa = PBXBuildFile; fileRef = 3AABCF4A26F90A740084295B /* LaunchScreen.storyboard */; };
		3AABCF5D26F90B7A0084295B /* LoginController.swift in Sources */ = {isa = PBXBuildFile; fileRef = 3AABCF5C26F90B7A0084295B /* LoginController.swift */; };
		3AABCF6026F910960084295B /* Extensions.swift in Sources */ = {isa = PBXBuildFile; fileRef = 3AABCF5F26F910960084295B /* Extensions.swift */; };
		3ADD5C30270237800036B239 /* LocationInputActivationView.swift in Sources */ = {isa = PBXBuildFile; fileRef = 3ADD5C2F270237800036B239 /* LocationInputActivationView.swift */; };
		3ADD5C33270243570036B239 /* LocationInputView.swift in Sources */ = {isa = PBXBuildFile; fileRef = 3ADD5C32270243570036B239 /* LocationInputView.swift */; };
		3AED8F8526FE5FD00015E4BF /* GoogleService-Info.plist in Resources */ = {isa = PBXBuildFile; fileRef = 3AED8F8426FE5FD00015E4BF /* GoogleService-Info.plist */; };
		3AFAEF6926FBB6AF001B5CAB /* SignUpController.swift in Sources */ = {isa = PBXBuildFile; fileRef = 3AFAEF6826FBB6AF001B5CAB /* SignUpController.swift */; };
		F6DE89C027BD611029F5B9C2 /* Pods_Uber.framework in Frameworks */ = {isa = PBXBuildFile; fileRef = 4A83CA75BE4DC77383781750 /* Pods_Uber.framework */; };
/* End PBXBuildFile section */

/* Begin PBXFileReference section */
		3A61730526FD09F000B57DB6 /* AuthButton.swift */ = {isa = PBXFileReference; lastKnownFileType = sourcecode.swift; path = AuthButton.swift; sourceTree = "<group>"; };
		3A6680432704E6ED005B75AB /* LocationCell.swift */ = {isa = PBXFileReference; lastKnownFileType = sourcecode.swift; path = LocationCell.swift; sourceTree = "<group>"; };
		3A6680452704F364005B75AB /* Service.swift */ = {isa = PBXFileReference; lastKnownFileType = sourcecode.swift; path = Service.swift; sourceTree = "<group>"; };
		3A69DBE82700EE970072EE75 /* HomeController.swift */ = {isa = PBXFileReference; lastKnownFileType = sourcecode.swift; path = HomeController.swift; sourceTree = "<group>"; };
		3AABCF3C26F90A710084295B /* Uber.app */ = {isa = PBXFileReference; explicitFileType = wrapper.application; includeInIndex = 0; path = Uber.app; sourceTree = BUILT_PRODUCTS_DIR; };
		3AABCF3F26F90A710084295B /* AppDelegate.swift */ = {isa = PBXFileReference; lastKnownFileType = sourcecode.swift; path = AppDelegate.swift; sourceTree = "<group>"; };
		3AABCF4126F90A710084295B /* SceneDelegate.swift */ = {isa = PBXFileReference; lastKnownFileType = sourcecode.swift; path = SceneDelegate.swift; sourceTree = "<group>"; };
		3AABCF4626F90A710084295B /* Base */ = {isa = PBXFileReference; lastKnownFileType = file.storyboard; name = Base; path = Base.lproj/Main.storyboard; sourceTree = "<group>"; };
		3AABCF4826F90A740084295B /* Assets.xcassets */ = {isa = PBXFileReference; lastKnownFileType = folder.assetcatalog; path = Assets.xcassets; sourceTree = "<group>"; };
		3AABCF4B26F90A740084295B /* Base */ = {isa = PBXFileReference; lastKnownFileType = file.storyboard; name = Base; path = Base.lproj/LaunchScreen.storyboard; sourceTree = "<group>"; };
		3AABCF4D26F90A740084295B /* Info.plist */ = {isa = PBXFileReference; lastKnownFileType = text.plist.xml; path = Info.plist; sourceTree = "<group>"; };
		3AABCF5C26F90B7A0084295B /* LoginController.swift */ = {isa = PBXFileReference; lastKnownFileType = sourcecode.swift; path = LoginController.swift; sourceTree = "<group>"; };
		3AABCF5F26F910960084295B /* Extensions.swift */ = {isa = PBXFileReference; lastKnownFileType = sourcecode.swift; path = Extensions.swift; sourceTree = "<group>"; };
		3ADD5C2F270237800036B239 /* LocationInputActivationView.swift */ = {isa = PBXFileReference; lastKnownFileType = sourcecode.swift; path = LocationInputActivationView.swift; sourceTree = "<group>"; };
		3ADD5C32270243570036B239 /* LocationInputView.swift */ = {isa = PBXFileReference; lastKnownFileType = sourcecode.swift; path = LocationInputView.swift; sourceTree = "<group>"; };
		3AED8F8426FE5FD00015E4BF /* GoogleService-Info.plist */ = {isa = PBXFileReference; fileEncoding = 4; lastKnownFileType = text.plist.xml; path = "GoogleService-Info.plist"; sourceTree = "<group>"; };
		3AFAEF6826FBB6AF001B5CAB /* SignUpController.swift */ = {isa = PBXFileReference; lastKnownFileType = sourcecode.swift; path = SignUpController.swift; sourceTree = "<group>"; };
		4A83CA75BE4DC77383781750 /* Pods_Uber.framework */ = {isa = PBXFileReference; explicitFileType = wrapper.framework; includeInIndex = 0; path = Pods_Uber.framework; sourceTree = BUILT_PRODUCTS_DIR; };
		5B2E444C80C5060DA87D5709 /* Pods-Uber.release.xcconfig */ = {isa = PBXFileReference; includeInIndex = 1; lastKnownFileType = text.xcconfig; name = "Pods-Uber.release.xcconfig"; path = "Target Support Files/Pods-Uber/Pods-Uber.release.xcconfig"; sourceTree = "<group>"; };
		AE5D3EFEFDEEE868A795AC84 /* Pods-Uber.debug.xcconfig */ = {isa = PBXFileReference; includeInIndex = 1; lastKnownFileType = text.xcconfig; name = "Pods-Uber.debug.xcconfig"; path = "Target Support Files/Pods-Uber/Pods-Uber.debug.xcconfig"; sourceTree = "<group>"; };
/* End PBXFileReference section */

/* Begin PBXFrameworksBuildPhase section */
		3AABCF3926F90A710084295B /* Frameworks */ = {
			isa = PBXFrameworksBuildPhase;
			buildActionMask = 2147483647;
			files = (
				F6DE89C027BD611029F5B9C2 /* Pods_Uber.framework in Frameworks */,
			);
			runOnlyForDeploymentPostprocessing = 0;
		};
/* End PBXFrameworksBuildPhase section */

/* Begin PBXGroup section */
		0F4ACA555FB3D184513F86DC /* Frameworks */ = {
			isa = PBXGroup;
			children = (
				4A83CA75BE4DC77383781750 /* Pods_Uber.framework */,
			);
			name = Frameworks;
			sourceTree = "<group>";
		};
		3AABCF3326F90A710084295B = {
			isa = PBXGroup;
			children = (
				3AABCF3E26F90A710084295B /* Uber */,
				3AABCF3D26F90A710084295B /* Products */,
				45F520814A09444D9CA78CE6 /* Pods */,
				0F4ACA555FB3D184513F86DC /* Frameworks */,
			);
			sourceTree = "<group>";
		};
		3AABCF3D26F90A710084295B /* Products */ = {
			isa = PBXGroup;
			children = (
				3AABCF3C26F90A710084295B /* Uber.app */,
			);
			name = Products;
			sourceTree = "<group>";
		};
		3AABCF3E26F90A710084295B /* Uber */ = {
			isa = PBXGroup;
			children = (
				3AABCF5A26F90AA80084295B /* Utils */,
				3AABCF5926F90AA60084295B /* Service */,
				3AABCF5826F90AA50084295B /* Controller */,
				3AABCF5726F90AA20084295B /* Model */,
				3AABCF5426F90A950084295B /* View */,
				3AABCF3F26F90A710084295B /* AppDelegate.swift */,
				3AABCF4126F90A710084295B /* SceneDelegate.swift */,
				3AABCF4526F90A710084295B /* Main.storyboard */,
				3AABCF4826F90A740084295B /* Assets.xcassets */,
				3AABCF4A26F90A740084295B /* LaunchScreen.storyboard */,
				3AABCF4D26F90A740084295B /* Info.plist */,
				3AED8F8426FE5FD00015E4BF /* GoogleService-Info.plist */,
			);
			path = Uber;
			sourceTree = "<group>";
		};
		3AABCF5426F90A950084295B /* View */ = {
			isa = PBXGroup;
			children = (
				3A61730526FD09F000B57DB6 /* AuthButton.swift */,
				3ADD5C32270243570036B239 /* LocationInputView.swift */,
				3ADD5C2F270237800036B239 /* LocationInputActivationView.swift */,
				3A6680432704E6ED005B75AB /* LocationCell.swift */,
			);
			path = View;
			sourceTree = "<group>";
		};
		3AABCF5726F90AA20084295B /* Model */ = {
			isa = PBXGroup;
			children = (
			);
			path = Model;
			sourceTree = "<group>";
		};
		3AABCF5826F90AA50084295B /* Controller */ = {
			isa = PBXGroup;
			children = (
				3AABCF5C26F90B7A0084295B /* LoginController.swift */,
				3AFAEF6826FBB6AF001B5CAB /* SignUpController.swift */,
				3A69DBE82700EE970072EE75 /* HomeController.swift */,
			);
			path = Controller;
			sourceTree = "<group>";
		};
		3AABCF5926F90AA60084295B /* Service */ = {
			isa = PBXGroup;
			children = (
				3A6680452704F364005B75AB /* Service.swift */,
			);
			path = Service;
			sourceTree = "<group>";
		};
		3AABCF5A26F90AA80084295B /* Utils */ = {
			isa = PBXGroup;
			children = (
				3AABCF5F26F910960084295B /* Extensions.swift */,
			);
			path = Utils;
			sourceTree = "<group>";
		};
		45F520814A09444D9CA78CE6 /* Pods */ = {
			isa = PBXGroup;
			children = (
				AE5D3EFEFDEEE868A795AC84 /* Pods-Uber.debug.xcconfig */,
				5B2E444C80C5060DA87D5709 /* Pods-Uber.release.xcconfig */,
			);
			path = Pods;
			sourceTree = "<group>";
		};
/* End PBXGroup section */

/* Begin PBXNativeTarget section */
		3AABCF3B26F90A710084295B /* Uber */ = {
			isa = PBXNativeTarget;
			buildConfigurationList = 3AABCF5026F90A740084295B /* Build configuration list for PBXNativeTarget "Uber" */;
			buildPhases = (
				39DD75CBDB18D3281FA2F074 /* [CP] Check Pods Manifest.lock */,
				3AABCF3826F90A710084295B /* Sources */,
				3AABCF3926F90A710084295B /* Frameworks */,
				3AABCF3A26F90A710084295B /* Resources */,
				BB458A3C269A0C67137DFBEF /* [CP] Embed Pods Frameworks */,
			);
			buildRules = (
			);
			dependencies = (
			);
			name = Uber;
			productName = Uber;
			productReference = 3AABCF3C26F90A710084295B /* Uber.app */;
			productType = "com.apple.product-type.application";
		};
/* End PBXNativeTarget section */

/* Begin PBXProject section */
		3AABCF3426F90A710084295B /* Project object */ = {
			isa = PBXProject;
			attributes = {
				LastSwiftUpdateCheck = 1240;
				LastUpgradeCheck = 1240;
				TargetAttributes = {
					3AABCF3B26F90A710084295B = {
						CreatedOnToolsVersion = 12.4;
					};
				};
			};
			buildConfigurationList = 3AABCF3726F90A710084295B /* Build configuration list for PBXProject "Uber" */;
			compatibilityVersion = "Xcode 9.3";
			developmentRegion = en;
			hasScannedForEncodings = 0;
			knownRegions = (
				en,
				Base,
			);
			mainGroup = 3AABCF3326F90A710084295B;
			productRefGroup = 3AABCF3D26F90A710084295B /* Products */;
			projectDirPath = "";
			projectRoot = "";
			targets = (
				3AABCF3B26F90A710084295B /* Uber */,
			);
		};
/* End PBXProject section */

/* Begin PBXResourcesBuildPhase section */
		3AABCF3A26F90A710084295B /* Resources */ = {
			isa = PBXResourcesBuildPhase;
			buildActionMask = 2147483647;
			files = (
				3AABCF4C26F90A740084295B /* LaunchScreen.storyboard in Resources */,
				3AED8F8526FE5FD00015E4BF /* GoogleService-Info.plist in Resources */,
				3AABCF4926F90A740084295B /* Assets.xcassets in Resources */,
				3AABCF4726F90A710084295B /* Main.storyboard in Resources */,
			);
			runOnlyForDeploymentPostprocessing = 0;
		};
/* End PBXResourcesBuildPhase section */

/* Begin PBXShellScriptBuildPhase section */
		39DD75CBDB18D3281FA2F074 /* [CP] Check Pods Manifest.lock */ = {
			isa = PBXShellScriptBuildPhase;
			buildActionMask = 2147483647;
			files = (
			);
			inputFileListPaths = (
			);
			inputPaths = (
				"${PODS_PODFILE_DIR_PATH}/Podfile.lock",
				"${PODS_ROOT}/Manifest.lock",
			);
			name = "[CP] Check Pods Manifest.lock";
			outputFileListPaths = (
			);
			outputPaths = (
				"$(DERIVED_FILE_DIR)/Pods-Uber-checkManifestLockResult.txt",
			);
			runOnlyForDeploymentPostprocessing = 0;
			shellPath = /bin/sh;
			shellScript = "diff \"${PODS_PODFILE_DIR_PATH}/Podfile.lock\" \"${PODS_ROOT}/Manifest.lock\" > /dev/null\nif [ $? != 0 ] ; then\n    # print error to STDERR\n    echo \"error: The sandbox is not in sync with the Podfile.lock. Run 'pod install' or update your CocoaPods installation.\" >&2\n    exit 1\nfi\n# This output is used by Xcode 'outputs' to avoid re-running this script phase.\necho \"SUCCESS\" > \"${SCRIPT_OUTPUT_FILE_0}\"\n";
			showEnvVarsInLog = 0;
		};
		BB458A3C269A0C67137DFBEF /* [CP] Embed Pods Frameworks */ = {
			isa = PBXShellScriptBuildPhase;
			buildActionMask = 2147483647;
			files = (
			);
			inputFileListPaths = (
				"${PODS_ROOT}/Target Support Files/Pods-Uber/Pods-Uber-frameworks-${CONFIGURATION}-input-files.xcfilelist",
			);
			name = "[CP] Embed Pods Frameworks";
			outputFileListPaths = (
				"${PODS_ROOT}/Target Support Files/Pods-Uber/Pods-Uber-frameworks-${CONFIGURATION}-output-files.xcfilelist",
			);
			runOnlyForDeploymentPostprocessing = 0;
			shellPath = /bin/sh;
			shellScript = "\"${PODS_ROOT}/Target Support Files/Pods-Uber/Pods-Uber-frameworks.sh\"\n";
			showEnvVarsInLog = 0;
		};
/* End PBXShellScriptBuildPhase section */

/* Begin PBXSourcesBuildPhase section */
		3AABCF3826F90A710084295B /* Sources */ = {
			isa = PBXSourcesBuildPhase;
			buildActionMask = 2147483647;
			files = (
				3AFAEF6926FBB6AF001B5CAB /* SignUpController.swift in Sources */,
				3A61730626FD09F000B57DB6 /* AuthButton.swift in Sources */,
				3A69DBE92700EE970072EE75 /* HomeController.swift in Sources */,
				3ADD5C33270243570036B239 /* LocationInputView.swift in Sources */,
				3AABCF4026F90A710084295B /* AppDelegate.swift in Sources */,
				3AABCF5D26F90B7A0084295B /* LoginController.swift in Sources */,
				3A6680442704E6ED005B75AB /* LocationCell.swift in Sources */,
				3AABCF4226F90A710084295B /* SceneDelegate.swift in Sources */,
				3A6680462704F364005B75AB /* Service.swift in Sources */,
				3ADD5C30270237800036B239 /* LocationInputActivationView.swift in Sources */,
				3AABCF6026F910960084295B /* Extensions.swift in Sources */,
			);
			runOnlyForDeploymentPostprocessing = 0;
		};
/* End PBXSourcesBuildPhase section */

/* Begin PBXVariantGroup section */
		3AABCF4526F90A710084295B /* Main.storyboard */ = {
			isa = PBXVariantGroup;
			children = (
				3AABCF4626F90A710084295B /* Base */,
			);
			name = Main.storyboard;
			sourceTree = "<group>";
		};
		3AABCF4A26F90A740084295B /* LaunchScreen.storyboard */ = {
			isa = PBXVariantGroup;
			children = (
				3AABCF4B26F90A740084295B /* Base */,
			);
			name = LaunchScreen.storyboard;
			sourceTree = "<group>";
		};
/* End PBXVariantGroup section */

/* Begin XCBuildConfiguration section */
		3AABCF4E26F90A740084295B /* Debug */ = {
			isa = XCBuildConfiguration;
			buildSettings = {
				ALWAYS_SEARCH_USER_PATHS = NO;
				CLANG_ANALYZER_NONNULL = YES;
				CLANG_ANALYZER_NUMBER_OBJECT_CONVERSION = YES_AGGRESSIVE;
				CLANG_CXX_LANGUAGE_STANDARD = "gnu++14";
				CLANG_CXX_LIBRARY = "libc++";
				CLANG_ENABLE_MODULES = YES;
				CLANG_ENABLE_OBJC_ARC = YES;
				CLANG_ENABLE_OBJC_WEAK = YES;
				CLANG_WARN_BLOCK_CAPTURE_AUTORELEASING = YES;
				CLANG_WARN_BOOL_CONVERSION = YES;
				CLANG_WARN_COMMA = YES;
				CLANG_WARN_CONSTANT_CONVERSION = YES;
				CLANG_WARN_DEPRECATED_OBJC_IMPLEMENTATIONS = YES;
				CLANG_WARN_DIRECT_OBJC_ISA_USAGE = YES_ERROR;
				CLANG_WARN_DOCUMENTATION_COMMENTS = YES;
				CLANG_WARN_EMPTY_BODY = YES;
				CLANG_WARN_ENUM_CONVERSION = YES;
				CLANG_WARN_INFINITE_RECURSION = YES;
				CLANG_WARN_INT_CONVERSION = YES;
				CLANG_WARN_NON_LITERAL_NULL_CONVERSION = YES;
				CLANG_WARN_OBJC_IMPLICIT_RETAIN_SELF = YES;
				CLANG_WARN_OBJC_LITERAL_CONVERSION = YES;
				CLANG_WARN_OBJC_ROOT_CLASS = YES_ERROR;
				CLANG_WARN_QUOTED_INCLUDE_IN_FRAMEWORK_HEADER = YES;
				CLANG_WARN_RANGE_LOOP_ANALYSIS = YES;
				CLANG_WARN_STRICT_PROTOTYPES = YES;
				CLANG_WARN_SUSPICIOUS_MOVE = YES;
				CLANG_WARN_UNGUARDED_AVAILABILITY = YES_AGGRESSIVE;
				CLANG_WARN_UNREACHABLE_CODE = YES;
				CLANG_WARN__DUPLICATE_METHOD_MATCH = YES;
				COPY_PHASE_STRIP = NO;
				DEBUG_INFORMATION_FORMAT = dwarf;
				ENABLE_STRICT_OBJC_MSGSEND = YES;
				ENABLE_TESTABILITY = YES;
				GCC_C_LANGUAGE_STANDARD = gnu11;
				GCC_DYNAMIC_NO_PIC = NO;
				GCC_NO_COMMON_BLOCKS = YES;
				GCC_OPTIMIZATION_LEVEL = 0;
				GCC_PREPROCESSOR_DEFINITIONS = (
					"DEBUG=1",
					"$(inherited)",
				);
				GCC_WARN_64_TO_32_BIT_CONVERSION = YES;
				GCC_WARN_ABOUT_RETURN_TYPE = YES_ERROR;
				GCC_WARN_UNDECLARED_SELECTOR = YES;
				GCC_WARN_UNINITIALIZED_AUTOS = YES_AGGRESSIVE;
				GCC_WARN_UNUSED_FUNCTION = YES;
				GCC_WARN_UNUSED_VARIABLE = YES;
				IPHONEOS_DEPLOYMENT_TARGET = 14.4;
				MTL_ENABLE_DEBUG_INFO = INCLUDE_SOURCE;
				MTL_FAST_MATH = YES;
				ONLY_ACTIVE_ARCH = YES;
				SDKROOT = iphoneos;
				SWIFT_ACTIVE_COMPILATION_CONDITIONS = DEBUG;
				SWIFT_OPTIMIZATION_LEVEL = "-Onone";
			};
			name = Debug;
		};
		3AABCF4F26F90A740084295B /* Release */ = {
			isa = XCBuildConfiguration;
			buildSettings = {
				ALWAYS_SEARCH_USER_PATHS = NO;
				CLANG_ANALYZER_NONNULL = YES;
				CLANG_ANALYZER_NUMBER_OBJECT_CONVERSION = YES_AGGRESSIVE;
				CLANG_CXX_LANGUAGE_STANDARD = "gnu++14";
				CLANG_CXX_LIBRARY = "libc++";
				CLANG_ENABLE_MODULES = YES;
				CLANG_ENABLE_OBJC_ARC = YES;
				CLANG_ENABLE_OBJC_WEAK = YES;
				CLANG_WARN_BLOCK_CAPTURE_AUTORELEASING = YES;
				CLANG_WARN_BOOL_CONVERSION = YES;
				CLANG_WARN_COMMA = YES;
				CLANG_WARN_CONSTANT_CONVERSION = YES;
				CLANG_WARN_DEPRECATED_OBJC_IMPLEMENTATIONS = YES;
				CLANG_WARN_DIRECT_OBJC_ISA_USAGE = YES_ERROR;
				CLANG_WARN_DOCUMENTATION_COMMENTS = YES;
				CLANG_WARN_EMPTY_BODY = YES;
				CLANG_WARN_ENUM_CONVERSION = YES;
				CLANG_WARN_INFINITE_RECURSION = YES;
				CLANG_WARN_INT_CONVERSION = YES;
				CLANG_WARN_NON_LITERAL_NULL_CONVERSION = YES;
				CLANG_WARN_OBJC_IMPLICIT_RETAIN_SELF = YES;
				CLANG_WARN_OBJC_LITERAL_CONVERSION = YES;
				CLANG_WARN_OBJC_ROOT_CLASS = YES_ERROR;
				CLANG_WARN_QUOTED_INCLUDE_IN_FRAMEWORK_HEADER = YES;
				CLANG_WARN_RANGE_LOOP_ANALYSIS = YES;
				CLANG_WARN_STRICT_PROTOTYPES = YES;
				CLANG_WARN_SUSPICIOUS_MOVE = YES;
				CLANG_WARN_UNGUARDED_AVAILABILITY = YES_AGGRESSIVE;
				CLANG_WARN_UNREACHABLE_CODE = YES;
				CLANG_WARN__DUPLICATE_METHOD_MATCH = YES;
				COPY_PHASE_STRIP = NO;
				DEBUG_INFORMATION_FORMAT = "dwarf-with-dsym";
				ENABLE_NS_ASSERTIONS = NO;
				ENABLE_STRICT_OBJC_MSGSEND = YES;
				GCC_C_LANGUAGE_STANDARD = gnu11;
				GCC_NO_COMMON_BLOCKS = YES;
				GCC_WARN_64_TO_32_BIT_CONVERSION = YES;
				GCC_WARN_ABOUT_RETURN_TYPE = YES_ERROR;
				GCC_WARN_UNDECLARED_SELECTOR = YES;
				GCC_WARN_UNINITIALIZED_AUTOS = YES_AGGRESSIVE;
				GCC_WARN_UNUSED_FUNCTION = YES;
				GCC_WARN_UNUSED_VARIABLE = YES;
				IPHONEOS_DEPLOYMENT_TARGET = 14.4;
				MTL_ENABLE_DEBUG_INFO = NO;
				MTL_FAST_MATH = YES;
				SDKROOT = iphoneos;
				SWIFT_COMPILATION_MODE = wholemodule;
				SWIFT_OPTIMIZATION_LEVEL = "-O";
				VALIDATE_PRODUCT = YES;
			};
			name = Release;
		};
		3AABCF5126F90A740084295B /* Debug */ = {
			isa = XCBuildConfiguration;
			baseConfigurationReference = AE5D3EFEFDEEE868A795AC84 /* Pods-Uber.debug.xcconfig */;
			buildSettings = {
				ASSETCATALOG_COMPILER_APPICON_NAME = AppIcon;
				ASSETCATALOG_COMPILER_GLOBAL_ACCENT_COLOR_NAME = AccentColor;
				CODE_SIGN_STYLE = Automatic;
				DEVELOPMENT_TEAM = LA6UVK37L2;
				INFOPLIST_FILE = Uber/Info.plist;
				LD_RUNPATH_SEARCH_PATHS = (
					"$(inherited)",
					"@executable_path/Frameworks",
				);
				PRODUCT_BUNDLE_IDENTIFIER = jsx.anton.Uber;
				PRODUCT_NAME = "$(TARGET_NAME)";
				SWIFT_VERSION = 5.0;
				TARGETED_DEVICE_FAMILY = "1,2";
			};
			name = Debug;
		};
		3AABCF5226F90A740084295B /* Release */ = {
			isa = XCBuildConfiguration;
			baseConfigurationReference = 5B2E444C80C5060DA87D5709 /* Pods-Uber.release.xcconfig */;
			buildSettings = {
				ASSETCATALOG_COMPILER_APPICON_NAME = AppIcon;
				ASSETCATALOG_COMPILER_GLOBAL_ACCENT_COLOR_NAME = AccentColor;
				CODE_SIGN_STYLE = Automatic;
				DEVELOPMENT_TEAM = LA6UVK37L2;
				INFOPLIST_FILE = Uber/Info.plist;
				LD_RUNPATH_SEARCH_PATHS = (
					"$(inherited)",
					"@executable_path/Frameworks",
				);
				PRODUCT_BUNDLE_IDENTIFIER = jsx.anton.Uber;
				PRODUCT_NAME = "$(TARGET_NAME)";
				SWIFT_VERSION = 5.0;
				TARGETED_DEVICE_FAMILY = "1,2";
			};
			name = Release;
		};
/* End XCBuildConfiguration section */

/* Begin XCConfigurationList section */
		3AABCF3726F90A710084295B /* Build configuration list for PBXProject "Uber" */ = {
			isa = XCConfigurationList;
			buildConfigurations = (
				3AABCF4E26F90A740084295B /* Debug */,
				3AABCF4F26F90A740084295B /* Release */,
			);
			defaultConfigurationIsVisible = 0;
			defaultConfigurationName = Release;
		};
		3AABCF5026F90A740084295B /* Build configuration list for PBXNativeTarget "Uber" */ = {
			isa = XCConfigurationList;
			buildConfigurations = (
				3AABCF5126F90A740084295B /* Debug */,
				3AABCF5226F90A740084295B /* Release */,
			);
			defaultConfigurationIsVisible = 0;
			defaultConfigurationName = Release;
		};
/* End XCConfigurationList section */
	};
	rootObject = 3AABCF3426F90A710084295B /* Project object */;
}
